
Microsoft Visual Studio Solution File, Format Version 12.00
# Visual Studio Version 17
VisualStudioVersion = 17.9.34701.34
MinimumVisualStudioVersion = 10.0.40219.1
Project("{FAE04EC0-301F-11D3-BF4B-00C04F79EFBC}") = "ASM2C5API", "ASM2C5API\ASM2C5API.csproj", "{D07E1C8E-0C6D-4E00-822F-DF882B0EB052}"
EndProject
Global
	GlobalSection(SolutionConfigurationPlatforms) = preSolution
		Debug|Any CPU = Debug|Any CPU
		Release|Any CPU = Release|Any CPU
	EndGlobalSection
	GlobalSection(ProjectConfigurationPlatforms) = postSolution
		{D07E1C8E-0C6D-4E00-822F-DF882B0EB052}.Debug|Any CPU.ActiveCfg = Debug|Any CPU
		{D07E1C8E-0C6D-4E00-822F-DF882B0EB052}.Debug|Any CPU.Build.0 = Debug|Any CPU
		{D07E1C8E-0C6D-4E00-822F-DF882B0EB052}.Release|Any CPU.ActiveCfg = Release|Any CPU
		{D07E1C8E-0C6D-4E00-822F-DF882B0EB052}.Release|Any CPU.Build.0 = Release|Any CPU
	EndGlobalSection
	GlobalSection(SolutionProperties) = preSolution
		HideSolutionNode = FALSE
	EndGlobalSection
	GlobalSection(ExtensibilityGlobals) = postSolution
		SolutionGuid = {F7091CB5-9F02-4BB3-8019-5904A9B7EDC9}
	EndGlobalSection
EndGlobal
